
Microsoft Visual Studio Solution File, Format Version 12.00
# Visual Studio 2012
Project("{FAE04EC0-301F-11D3-BF4B-00C04F79EFBC}") = "ccnet.hipchat.v2.plugin", "ccnet.hipchat.v2.plugin\ccnet.hipchat.v2.plugin.csproj", "{0B011A21-772E-4539-866A-D50D8B48D50C}"
EndProject
Project("{FAE04EC0-301F-11D3-BF4B-00C04F79EFBC}") = "ccnet.hipchat.v2.plugin.tests", "ccnet.hipchat.v2.plugin.tests\ccnet.hipchat.v2.plugin.tests.csproj", "{5DB9CD1E-E73D-4298-BD32-331B75C1B2E5}"
EndProject
Global
	GlobalSection(SolutionConfigurationPlatforms) = preSolution
		Debug|Any CPU = Debug|Any CPU
		Release|Any CPU = Release|Any CPU
	EndGlobalSection
	GlobalSection(ProjectConfigurationPlatforms) = postSolution
		{0B011A21-772E-4539-866A-D50D8B48D50C}.Debug|Any CPU.ActiveCfg = Debug|Any CPU
		{0B011A21-772E-4539-866A-D50D8B48D50C}.Debug|Any CPU.Build.0 = Debug|Any CPU
		{0B011A21-772E-4539-866A-D50D8B48D50C}.Release|Any CPU.ActiveCfg = Release|Any CPU
		{0B011A21-772E-4539-866A-D50D8B48D50C}.Release|Any CPU.Build.0 = Release|Any CPU
		{5DB9CD1E-E73D-4298-BD32-331B75C1B2E5}.Debug|Any CPU.ActiveCfg = Debug|Any CPU
		{5DB9CD1E-E73D-4298-BD32-331B75C1B2E5}.Debug|Any CPU.Build.0 = Debug|Any CPU
		{5DB9CD1E-E73D-4298-BD32-331B75C1B2E5}.Release|Any CPU.ActiveCfg = Release|Any CPU
		{5DB9CD1E-E73D-4298-BD32-331B75C1B2E5}.Release|Any CPU.Build.0 = Release|Any CPU
	EndGlobalSection
	GlobalSection(SolutionProperties) = preSolution
		HideSolutionNode = FALSE
	EndGlobalSection
EndGlobal
